{
  "version": 4,
  "terraform_version": "1.4.2",
  "serial": 177,
  "lineage": "76aba13d-328e-bcdd-56f2-0d684764ce3c",
  "outputs": {},
  "resources": [
    {
      "mode": "managed",
      "type": "kubernetes_deployment",
      "name": "app",
      "provider": "provider[\"registry.terraform.io/hashicorp/kubernetes\"]",
      "instances": [
        {
          "schema_version": 1,
          "attributes": {
            "id": "a-gerace/bodgeit",
            "metadata": [
              {
                "annotations": {
                  "owner-id": "a-gerace",
                  "ves.io/sites": "ves-io-system/dc12-ash",
                  "ves.io/workload-flavor": "ves-io-tiny"
                },
                "generate_name": "",
                "generation": 2,
                "labels": {},
                "name": "bodgeit",
                "namespace": "a-gerace",
                "resource_version": "213661738",
                "uid": "1479f6fe-9f07-4a2b-868c-684a68cedb72"
              }
            ],
            "spec": [
              {
                "min_ready_seconds": 0,
                "paused": false,
                "progress_deadline_seconds": 600,
                "replicas": "1",
                "revision_history_limit": 10,
                "selector": [
                  {
                    "match_expressions": [],
                    "match_labels": {
                      "app": "bodgeit"
                    }
                  }
                ],
                "strategy": [
                  {
                    "rolling_update": [
                      {
                        "max_surge": "25%",
                        "max_unavailable": "25%"
                      }
                    ],
                    "type": "RollingUpdate"
                  }
                ],
                "template": [
                  {
                    "metadata": [
                      {
                        "annotations": {},
                        "generate_name": "",
                        "generation": 0,
                        "labels": {
                          "app": "bodgeit"
                        },
                        "name": "",
                        "namespace": "",
                        "resource_version": "",
                        "uid": ""
                      }
                    ],
                    "spec": [
                      {
                        "active_deadline_seconds": 0,
                        "affinity": [],
                        "automount_service_account_token": true,
                        "container": [
                          {
                            "args": [],
                            "command": [],
                            "env": [],
                            "env_from": [],
                            "image": "ajgerace/bodgeit:4.0",
                            "image_pull_policy": "IfNotPresent",
                            "lifecycle": [],
                            "liveness_probe": [],
                            "name": "bodgeit-container",
                            "port": [
                              {
                                "container_port": 8080,
                                "host_ip": "",
                                "host_port": 0,
                                "name": "",
                                "protocol": "TCP"
                              }
                            ],
                            "readiness_probe": [],
                            "resources": [
                              {
                                "limits": {},
                                "requests": {}
                              }
                            ],
                            "security_context": [],
                            "startup_probe": [],
                            "stdin": false,
                            "stdin_once": false,
                            "termination_message_path": "/dev/termination-log",
                            "termination_message_policy": "File",
                            "tty": false,
                            "volume_mount": [],
                            "working_dir": ""
                          }
                        ],
                        "dns_config": [],
                        "dns_policy": "ClusterFirst",
                        "enable_service_links": true,
                        "host_aliases": [],
                        "host_ipc": false,
                        "host_network": false,
                        "host_pid": false,
                        "hostname": "",
                        "image_pull_secrets": [
                          {
                            "name": "agerace-registry"
                          }
                        ],
                        "init_container": [],
                        "node_name": "",
                        "node_selector": {},
                        "priority_class_name": "",
                        "readiness_gate": [],
                        "restart_policy": "Always",
                        "runtime_class_name": "",
                        "scheduler_name": "default-scheduler",
                        "security_context": [],
                        "service_account_name": "",
                        "share_process_namespace": false,
                        "subdomain": "",
                        "termination_grace_period_seconds": 30,
                        "toleration": [],
                        "topology_spread_constraint": [],
                        "volume": []
                      }
                    ]
                  }
                ]
              }
            ],
            "timeouts": {
              "create": "3m",
              "delete": "3m",
              "update": "2m"
            },
            "wait_for_rollout": true
          },
          "sensitive_attributes": [],
          "private": "eyJlMmJmYjczMC1lY2FhLTExZTYtOGY4OC0zNDM2M2JjN2M0YzAiOnsiY3JlYXRlIjoxODAwMDAwMDAwMDAsImRlbGV0ZSI6MTgwMDAwMDAwMDAwLCJ1cGRhdGUiOjEyMDAwMDAwMDAwMH0sInNjaGVtYV92ZXJzaW9uIjoiMSJ9"
        }
      ]
    },
    {
      "mode": "managed",
      "type": "kubernetes_service",
      "name": "app-svc",
      "provider": "provider[\"registry.terraform.io/hashicorp/kubernetes\"]",
      "instances": [
        {
          "schema_version": 1,
          "attributes": {
            "id": "a-gerace/bodgeit-svc",
            "metadata": [
              {
                "annotations": {
                  "owner-id": "a-gerace",
                  "ves.io/sites": "ves-io-system/dc12-ash"
                },
                "generate_name": "",
                "generation": 0,
                "labels": {},
                "name": "bodgeit-svc",
                "namespace": "a-gerace",
                "resource_version": "213661448",
                "uid": "287f57dc-6a07-40b5-b4e5-930fb7a9a57a"
              }
            ],
            "spec": [
              {
                "allocate_load_balancer_node_ports": true,
                "cluster_ip": "192.168.43.157",
                "cluster_ips": [
                  "192.168.43.157"
                ],
                "external_ips": [],
                "external_name": "",
                "external_traffic_policy": "",
                "health_check_node_port": 0,
                "internal_traffic_policy": "Cluster",
                "ip_families": [
                  "IPv4"
                ],
                "ip_family_policy": "SingleStack",
                "load_balancer_class": "",
                "load_balancer_ip": "",
                "load_balancer_source_ranges": [],
                "port": [
                  {
                    "app_protocol": "",
                    "name": "",
                    "node_port": 0,
                    "port": 8080,
                    "protocol": "TCP",
                    "target_port": "8080"
                  }
                ],
                "publish_not_ready_addresses": false,
                "selector": {
                  "app": "bodgeit"
                },
                "session_affinity": "None",
                "session_affinity_config": [],
                "type": "ClusterIP"
              }
            ],
            "status": [
              {
                "load_balancer": [
                  {
                    "ingress": []
                  }
                ]
              }
            ],
            "timeouts": {
              "create": "3m"
            },
            "wait_for_load_balancer": true
          },
          "sensitive_attributes": [],
          "private": "eyJlMmJmYjczMC1lY2FhLTExZTYtOGY4OC0zNDM2M2JjN2M0YzAiOnsiY3JlYXRlIjoxODAwMDAwMDAwMDB9LCJzY2hlbWFfdmVyc2lvbiI6IjEifQ=="
        }
      ]
    },
    {
      "mode": "managed",
      "type": "volterra_healthcheck",
      "name": "healthcheck",
      "provider": "provider[\"registry.terraform.io/volterraedge/volterra\"]",
      "instances": [
        {
          "schema_version": 0,
          "attributes": {
            "annotations": {},
            "description": "",
            "disable": false,
            "dns_health_check": [],
            "dns_proxy_icmp_health_check": null,
            "dns_proxy_tcp_health_check": [],
            "dns_proxy_udp_health_check": [],
            "healthy_threshold": 3,
            "http_health_check": [
              {
                "expected_status_codes": [
                  "200"
                ],
                "headers": null,
                "host_header": "",
                "path": "/bodgeit/home.jsp",
                "request_headers_to_remove": [],
                "use_http2": null,
                "use_origin_server_name": null
              }
            ],
            "id": "af657e39-413d-4204-8b10-e7f4d332c771",
            "interval": 15,
            "jitter_percent": null,
            "labels": {},
            "name": "bodgeit-healthcheck",
            "namespace": "a-gerace",
            "tcp_health_check": [],
            "timeout": 3,
            "unhealthy_threshold": 2
          },
          "sensitive_attributes": [],
          "private": "bnVsbA=="
        }
      ]
    },
    {
      "mode": "managed",
      "type": "volterra_http_loadbalancer",
      "name": "http_lb",
      "provider": "provider[\"registry.terraform.io/volterraedge/volterra\"]",
      "instances": [
        {
          "schema_version": 0,
          "attributes": {
            "active_service_policies": [],
            "add_location": null,
            "advertise_custom": [],
            "advertise_on_public": [],
            "advertise_on_public_default_vip": true,
            "annotations": {},
            "api_definition": [],
            "api_definitions": [],
            "api_protection_rules": [],
            "api_rate_limit": [],
            "api_specification": [],
            "app_firewall": [
              {
                "name": "star-ratings-fw",
                "namespace": "shared",
                "tenant": "f5-amer-ent-qyyfhhfj"
              }
            ],
            "blocked_clients": [],
            "bot_defense": [],
            "captcha_challenge": [],
            "client_side_defense": [],
            "cookie_stickiness": [],
            "cors_policy": [],
            "csrf_policy": [],
            "data_guard_rules": [],
            "ddos_mitigation_rules": [],
            "default_pool": [],
            "default_pool_list": [],
            "default_route_pools": [
              {
                "cluster": [],
                "endpoint_subsets": {},
                "pool": [
                  {
                    "kind": "",
                    "name": "bodgeit-origin-pool",
                    "namespace": "a-gerace",
                    "tenant": ""
                  }
                ],
                "priority": 0,
                "weight": 0
              }
            ],
            "description": "HTTP Load balancer for bodgeit.cloud.myf5demo.com",
            "disable": false,
            "disable_api_definition": true,
            "disable_api_discovery": null,
            "disable_bot_defense": null,
            "disable_client_side_defense": null,
            "disable_ddos_detection": null,
            "disable_ip_reputation": null,
            "disable_malicious_user_detection": null,
            "disable_rate_limit": true,
            "disable_trust_client_ip_headers": null,
            "disable_waf": false,
            "do_not_advertise": null,
            "domains": [
              "bodgeit.cloud.myf5demo.com"
            ],
            "enable_api_discovery": [],
            "enable_challenge": [],
            "enable_ddos_detection": [],
            "enable_ip_reputation": [],
            "enable_malicious_user_detection": null,
            "enable_trust_client_ip_headers": [],
            "graphql_rules": [],
            "http": [
              {
                "dns_volterra_managed": true,
                "port": 80
              }
            ],
            "https": [],
            "https_auto_cert": [],
            "id": "008df9e5-a27f-4681-ac54-d6323cc93988",
            "js_challenge": [],
            "labels": {
              "owner-id": "a-gerace"
            },
            "least_active": null,
            "malicious_user_mitigation": [],
            "more_option": [],
            "multi_lb_app": null,
            "name": "bodgeit-http-lb",
            "namespace": "a-gerace",
            "no_challenge": true,
            "no_service_policies": null,
            "policy_based_challenge": [],
            "protected_cookies": [],
            "random": null,
            "rate_limit": [],
            "ring_hash": [],
            "round_robin": true,
            "routes": [],
            "service_policies_from_namespace": null,
            "single_lb_app": [],
            "slow_ddos_mitigation": [],
            "source_ip_stickiness": null,
            "system_default_timeouts": null,
            "trusted_clients": [],
            "user_id_client_ip": null,
            "user_identification": [],
            "waf_exclusion_rules": []
          },
          "sensitive_attributes": [],
          "private": "bnVsbA==",
          "dependencies": [
            "volterra_healthcheck.healthcheck",
            "volterra_origin_pool.origin_pool"
          ]
        }
      ]
    },
    {
      "mode": "managed",
      "type": "volterra_origin_pool",
      "name": "origin_pool",
      "provider": "provider[\"registry.terraform.io/volterraedge/volterra\"]",
      "instances": [
        {
          "schema_version": 0,
          "attributes": {
            "advanced_options": [],
            "annotations": {},
            "automatic_port": null,
            "description": "",
            "disable": false,
            "endpoint_selection": "LOCAL_PREFERRED",
            "health_check_port": null,
            "healthcheck": [
              {
                "name": "bodgeit-healthcheck",
                "namespace": "a-gerace",
                "tenant": "f5-amer-ent-qyyfhhfj"
              }
            ],
            "id": "d6795eeb-81b1-47d9-943d-4a9f7bf44eaf",
            "labels": {
              "owner-id": "a-gerace"
            },
            "loadbalancer_algorithm": "LB_OVERRIDE",
            "name": "bodgeit-origin-pool",
            "namespace": "a-gerace",
            "no_tls": true,
            "origin_servers": [
              {
                "consul_service": [],
                "custom_endpoint_object": [],
                "k8s_service": [
                  {
                    "inside_network": false,
                    "outside_network": false,
                    "service_name": "bodgeit-svc.a-gerace",
                    "service_selector": [],
                    "site_locator": [
                      {
                        "site": [
                          {
                            "kind": "",
                            "name": "dc12-ash",
                            "namespace": "system",
                            "tenant": "ves-io"
                          }
                        ],
                        "virtual_site": []
                      }
                    ],
                    "vk8s_networks": true
                  }
                ],
                "labels": {},
                "private_ip": [],
                "private_name": [],
                "public_ip": [],
                "public_name": [],
                "vn_private_ip": [],
                "vn_private_name": []
              }
            ],
            "port": 8080,
            "same_as_endpoint_port": null,
            "use_tls": []
          },
          "sensitive_attributes": [],
          "private": "bnVsbA==",
          "dependencies": [
            "volterra_healthcheck.healthcheck"
          ]
        }
      ]
    }
  ],
  "check_results": null
}
